version = 1
revision = 3
requires-python = ">=3.11"

[[package]]
name = "anyio"
version = "4.15.1"
source = { registry = "https://pypi.org/simple" }
dependencies = [
    { name = "idna" },
    { name = "typing-extensions", marker = "python_full_version < '3.15'" },
]
sdist = { url = "https://files.pythonhosted.org/packages/a9/d2/f4d173e22df740bc37b1db102b386ba719b66e95b0f0d751f556b387e6d2/anyio-4.15.1.tar.gz", hash = "sha256:9f28306018cbd6d329e64a36d58256edff76dd996fe423bc957326e578b82a94", size = 276966, upload-time = "2026-09-05T10:42:39.44Z" }
wheels = [
    { url = "https://files.pythonhosted.org/packages/12/b8/4bd346e22b28902df4d651910f5242c28d84e4a5c2435ca5c3f797ed7e2e/anyio-4.15.1-py3-none-any.whl", hash = "sha256:6152fdbbf9a77fdec97731721bebf7c4c44f7c29b424b0065826173efc7ed101", size = 132079, upload-time = "2026-09-05T10:42:37.923Z" },
]

[[package]]
name = "attrs"
version = "26.1.0"
source = { registry = "https://pypi.org/simple" }
sdist = { url = "https://files.pythonhosted.org/packages/9a/8e/82a0fe20a541c03148528be8cac2408564a6c9a0cc7e9171802bc1d26985/attrs-26.1.0.tar.gz", hash = "sha256:d03ceb89cb322a8fd706d4fb91940737b6642aa36998fe130a9bc96c985eff32", size = 952055, upload-time = "2026-03-19T14:22:25.026Z" }
wheels = [
    { url = "https://files.pythonhosted.org/packages/64/b4/17d4b0b2a2dc85a6df63d1157e028ed19f90d4cd97c36717afef2bc2f395/attrs-26.1.0-py3-none-any.whl", hash = "sha256:c647aa4a12dfbad9333ca4e71fe62ddc36f4e63b2d260a37a8b83d2f043ac309", size = 67548, upload-time = "2026-03-19T14:22:23.645Z" },
]

[[package]]
name = "certifi"
version = "2026.7.22"
source = { registry = "https://pypi.org/simple" }
sdist = { url = "https://files.pythonhosted.org/packages/a3/c2/24167ea9858356b47a87a50d39908bfdb72ceeefe0041586e704e5376b3a/certifi-2026.7.22.tar.gz", hash = "sha256:741e2c3b351ddf169a738da9f2c048608ff7f2c5cc02f1ebc6b118bb090d5d55", size = 138112, upload-time = "2026-07-22T03:35:12.644Z" }
wheels = [
    { url = "https://files.pythonhosted.org/packages/0b/a7/71ac2cff56fec219ed242bb11b8efb69fcc4bec75db06fb7bfe35de520e6/certifi-2026.7.22-py3-none-any.whl", hash = "sha256:62f22742b58a1a33014a2b6b706588a8d7e2a88ae7bd1a6ebe8c992928483775", size = 136983, upload-time = "2026-07-22T03:35:11.276Z" },
]

[[package]]
name = "colorama"
version = "0.4.6"
source = { registry = "https://pypi.org/simple" }
sdist = { url = "https://files.pythonhosted.org/packages/d8/53/6f443c9a4a8358a93a6792e2acffb9d9d5cb0a5cfd8802644b7b1c9a02e4/colorama-0.4.6.tar.gz", hash = "sha256:08695f5cb7ed6e0531a20572697297273c47b8cae5a63ffc6d6ed5c201be6e44", size = 27697, upload-time = "2022-10-25T02:36:22.414Z" }
wheels = [
    { url = "https://files.pythonhosted.org/packages/d1/d6/3965ed04c63042e047cb6a3e6ed1a63a35087b6a609aa3a15ed8ac56c221/colorama-0.4.6-py2.py3-none-any.whl", hash = "sha256:4f1d9991f5acc0ca119f9d443620b77f9d6b33703e51011c16baf57afb285fc6", size = 25335, upload-time = "2022-10-25T02:36:20.889Z" },
]

[[package]]
name = "cyclopts"
version = "4.25.3"
source = { registry = "https://pypi.org/simple" }
dependencies = [
    { name = "attrs" },
    { name = "docstring-parser" },
    { name = "rich" },
    { name = "rich-rst" },
]
sdist = { url = "https://files.pythonhosted.org/packages/c1/08/a444f3cca86cb27bc256831fc8c42b578390f4087bf6631cccb5334bd9ed/cyclopts-4.25.3.tar.gz", hash = "sha256:7d3a067bc7699a1a65fe2ea0b092a925855bb711a05adc1e65c5b9ba307acea4", size = 202814, upload-time = "2026-09-17T16:25:16.892Z" }
wheels = [
    { url = "https://files.pythonhosted.org/packages/a9/cc/e879da3d54cf727f90e6d90118e132672c3913338b566740486f8797190d/cyclopts-4.25.3-py3-none-any.whl", hash = "sha256:40e76b3153ea90e885abd8d3a4d8184db5a5eec2fde8540025aae8d72fc973fc", size = 242748, upload-time = "2026-09-17T16:25:15.509Z" },
]

[[package]]
name = "docstring-parser"
version = "0.18.0"
source = { registry = "https://pypi.org/simple" }
sdist = { url = "https://files.pythonhosted.org/packages/e0/4d/f332313098c1de1b2d2ff91cf2674415cc7cddab2ca1b01ae29774bd5fdf/docstring_parser-0.18.0.tar.gz", hash = "sha256:292510982205c12b1248696f44959db3cdd1740237a968ea1e2e7a900eeb2015", size = 29341, upload-time = "2026-04-14T04:09:19.867Z" }
wheels = [
    { url = "https://files.pythonhosted.org/packages/a7/5f/ed01f9a3cdffbd5a008556fc7b2a08ddb1cc6ace7effa7340604b1d16699/docstring_parser-0.18.0-py3-none-any.whl", hash = "sha256:b3fcbed555c47d8479be0796ef7e19c2670d428d72e96da63f3a40122860374b", size = 22484, upload-time = "2026-04-14T04:09:18.638Z" },
]

[[package]]
name = "h11"
version = "0.16.0"
source = { registry = "https://pypi.org/simple" }
sdist = { url = "https://files.pythonhosted.org/packages/01/ee/02a2c011bdab74c6fb3c75474d40b3052059d95df7e73351460c8588d963/h11-0.16.0.tar.gz", hash = "sha256:4e35b956cf45792e4caa5885e69fba00bdbc6ffafbfa020300e549b208ee5ff1", size = 101250, upload-time = "2025-04-24T03:35:25.427Z" }
wheels = [
    { url = "https://files.pythonhosted.org/packages/04/4b/29cac41a4d98d144bf5f6d33995617b185d14b22401f75ca86f384e87ff1/h11-0.16.0-py3-none-any.whl", hash = "sha256:63cf8bbe7522de3bf65932fda1d9c2772064ffb3dae62d55932da54b31cb6c86", size = 37515, upload-time = "2025-04-24T03:35:24.344Z" },
]

[[package]]
name = "httpcore"
version = "1.0.9"
source = { registry = "https://pypi.org/simple" }
dependencies = [
    { name = "certifi" },
    { name = "h11" },
]
sdist = { url = "https://files.pythonhosted.org/packages/06/94/82699a10bca87a5556c9c59b5963f2d039dbd239f25bc2a63907a05a14cb/httpcore-1.0.9.tar.gz", hash = "sha256:6e34463af53fd2ab5d807f399a9b45ea31c3dfa2276f15a2c3f00afff6e176e8", size = 85484, upload-time = "2025-04-24T22:06:22.219Z" }
wheels = [
    { url = "https://files.pythonhosted.org/packages/7e/f5/f66802a942d491edb555dd61e3a9961140fd64c90bce1eafd741609d334d/httpcore-1.0.9-py3-none-any.whl", hash = "sha256:2d400746a40668fc9dec9810239072b40b4484b640a8c38fd654a024c7a1bf55", size = 78784, upload-time = "2025-04-24T22:06:20.566Z" },
]

[[package]]
name = "httpx"
version = "0.28.1"
source = { registry = "https://pypi.org/simple" }
dependencies = [
    { name = "anyio" },
    { name = "certifi" },
    { name = "httpcore" },
    { name = "idna" },
]
sdist = { url = "https://files.pythonhosted.org/packages/b1/df/48c586a5fe32a0f01324ee087459e112ebb7224f646c0b5023f5e79e9956/httpx-0.28.1.tar.gz", hash = "sha256:75e98c5f16b0f35b567856f597f06ff2270a374470a5c2392242528e3e3e42fc", size = 141406, upload-time = "2024-12-06T15:37:23.222Z" }
wheels = [
    { url = "https://files.pythonhosted.org/packages/2a/39/e50c7c3a983047577ee07d2a9e53faf5a69493943ec3f6a384bdc792deb2/httpx-0.28.1-py3-none-any.whl", hash = "sha256:d909fcccc110f8c7faf814ca82a9a4d816bc5a6dbfea25d6591d6985b8ba59ad", size = 73517, upload-time = "2024-12-06T15:37:21.509Z" },
]

[[package]]
name = "idna"
version = "3.20"
source = { registry = "https://pypi.org/simple" }
sdist = { url = "https://files.pythonhosted.org/packages/f5/08/8eea9d4b8302028f3abb2c0813953f7aec26d33b7a8960ed760e65ff29fa/idna-3.20.tar.gz", hash = "sha256:a7db850025b95ded1eae8a46181a1a6c56c92c96f0e2b005d9ff8dc0210cab44", size = 216463, upload-time = "2026-09-17T14:11:04.752Z" }
wheels = [
    { url = "https://files.pythonhosted.org/packages/58/a2/bb081bab032533a855d44de1d56f8e8426114ff1ba5d1f07a438a0a654f8/idna-3.20-py3-none-any.whl", hash = "sha256:ab7ae7122974553370f0bdb919e1a960b2cd1bc1ef0276416d896db81c14582c", size = 69583, upload-time = "2026-09-17T14:11:03.168Z" },
]

[[package]]
name = "iniconfig"
version = "2.3.1"
source = { registry = "https://pypi.org/simple" }
sdist = { url = "https://files.pythonhosted.org/packages/01/e1/2069291243c926a2ff1cd706c7f3eeb9b62144bf60f77c9fb9ff2fb26bd3/iniconfig-2.3.1.tar.gz", hash = "sha256:67f4b9c50da0dedf52af349e7749a80a9057a5031199791b906c3bb3ae878960", size = 21209, upload-time = "2026-10-06T22:48:38.076Z" }
wheels = [
    { url = "https://files.pythonhosted.org/packages/56/43/4ca9e49d27a1fcf6bece6f6aec0ea46bb9112489b93d4b688fb415457bdb/iniconfig-2.3.1-py3-none-any.whl", hash = "sha256:9121e2c1fdb355232495be3194c8dfe87ccc2d5dee45947b78e68f499790d7a7", size = 7552, upload-time = "2026-10-06T22:48:36.959Z" },
]

[[package]]
name = "markdown-it-py"
version = "4.2.0"
source = { registry = "https://pypi.org/simple" }
dependencies = [
    { name = "mdurl" },
]
sdist = { url = "https://files.pythonhosted.org/packages/06/ff/7841249c247aa650a76b9ee4bbaeae59370dc8bfd2f6c01f3630c35eb134/markdown_it_py-4.2.0.tar.gz", hash = "sha256:04a21681d6fbb623de53f6f364d352309d4094dd4194040a10fd51833e418d49", size = 82454, upload-time = "2026-05-07T12:08:28.36Z" }
wheels = [
    { url = "https://files.pythonhosted.org/packages/b3/81/4da04ced5a082363ecfa159c010d200ecbd959ae410c10c0264a38cac0f5/markdown_it_py-4.2.0-py3-none-any.whl", hash = "sha256:9f7ebbcd14fe59494226453aed97c1070d83f8d24b6fc3a3bcf9a38092641c4a", size = 91687, upload-time = "2026-05-07T12:08:27.182Z" },
]

[[package]]
name = "mdurl"
version = "0.1.2"
source = { registry = "https://pypi.org/simple" }
sdist = { url = "https://files.pythonhosted.org/packages/d6/54/cfe61301667036ec958cb99bd3efefba235e65cdeb9c84d24a8293ba1d90/mdurl-0.1.2.tar.gz", hash = "sha256:bb413d29f5eea38f31dd4754dd7377d4465116fb207585f97bf925588687c1ba", size = 8729, upload-time = "2022-08-14T12:40:10.846Z" }
wheels = [
    { url = "https://files.pythonhosted.org/packages/b3/38/89ba8ad64ae25be8de66a6d463314cf1eb366222074cfda9ee839c56a4b4/mdurl-0.1.2-py3-none-any.whl", hash = "sha256:84008a41e51615a49fc9966191ff91509e3c40b939176e643fd50a5c2196b8f8", size = 9979, upload-time = "2022-08-14T12:40:09.779Z" },
]

[[package]]
name = "onetimesecret-testsuite"
version = "0.1.0"
source = { virtual = "." }
dependencies = [
    { name = "cyclopts" },
    { name = "httpx" },
    { name = "pytest" },
]

[package.metadata]
requires-dist = [
    { name = "cyclopts", specifier = ">=4,<5" },
    { name = "httpx", specifier = ">=0.27,<1" },
    { name = "pytest", specifier = ">=8,<10" },
]

[[package]]
name = "packaging"
version = "26.3"
source = { registry = "https://pypi.org/simple" }
sdist = { url = "https://files.pythonhosted.org/packages/7d/fa/3944b40b07da9ce895c0e6303a5ab7d53da063554f534556b134a54d6093/packaging-26.3.tar.gz", hash = "sha256:94edc256424af38762eb31306eed28beb9f0efc50a8837492c9d6fd6004aed79", size = 313412, upload-time = "2026-08-04T18:15:28.737Z" }
wheels = [
    { url = "https://files.pythonhosted.org/packages/63/34/ba1c580383c9eada3711951fef0795c80b829a078d72188184bcab9dd527/packaging-26.3-py3-none-any.whl", hash = "sha256:d7193f7c8e4e93f444fde0262bf90af30e16fa0ad0ad44cb553c87339b23cd1c", size = 129956, upload-time = "2026-08-04T18:15:27.159Z" },
]

[[package]]
name = "pluggy"
version = "1.6.0"
source = { registry = "https://pypi.org/simple" }
sdist = { url = "https://files.pythonhosted.org/packages/f9/e2/3e91f31a7d2b083fe6ef3fa267035b518369d9511ffab804f839851d2779/pluggy-1.6.0.tar.gz", hash = "sha256:7dcc130b76258d33b90f61b658791dede3486c3e6bfb003ee5c9bfb396dd22f3", size = 69412, upload-time = "2025-05-15T12:30:07.975Z" }
wheels = [
    { url = "https://files.pythonhosted.org/packages/54/20/4d324d65cc6d9205fabedc306948156824eb9f0ee1633355a8f7ec5c66bf/pluggy-1.6.0-py3-none-any.whl", hash = "sha256:e920276dd6813095e9377c0bc5566d94c932c33b27a3e3945d8389c374dd4746", size = 20538, upload-time = "2025-05-15T12:30:06.134Z" },
]

[[package]]
name = "pygments"
version = "2.21.0"
source = { registry = "https://pypi.org/simple" }
sdist = { url = "https://files.pythonhosted.org/packages/49/2e/ced460408999b33da6b31b0021b0f37d329e202d4169aeb164493778f25b/pygments-2.21.0.tar.gz", hash = "sha256:610ca751c9bc2492b38eb9a38a7fbc93edbbb2d7182edaf34e66ae493dee5c8c", size = 5005329, upload-time = "2026-08-17T08:02:48.824Z" }
wheels = [
    { url = "https://files.pythonhosted.org/packages/71/46/17f022dd3e953bf20a04a028a21ec746d942f8d2af30fa0f124fa0e6a684/pygments-2.21.0-py3-none-any.whl", hash = "sha256:2363c69b61c4a97c838da3b130dcd6468f4848992b21a82f2a63ec34377137d9", size = 1250147, upload-time = "2026-08-17T08:02:44.912Z" },
]

[[package]]
name = "pytest"
version = "9.1.1"
source = { registry = "https://pypi.org/simple" }
dependencies = [
    { name = "colorama", marker = "sys_platform == 'win32'" },
    { name = "iniconfig" },
    { name = "packaging" },
    { name = "pluggy" },
    { name = "pygments" },
]
sdist = { url = "https://files.pythonhosted.org/packages/e4/47/b9efed96c114afcfa3c9d3fe98a76a1d14c74a9e266d397cf6eb64be5e01/pytest-9.1.1.tar.gz", hash = "sha256:1088fbde8f2b49d95a549a195707afa7a76a3ce9bcadc26b6d71f0ffda5fe313", size = 1636369, upload-time = "2026-06-19T10:58:32.857Z" }
wheels = [
    { url = "https://files.pythonhosted.org/packages/24/25/1de2678b631f5a49215c6c96fff41ba892b0a34df68d6d80292b1b48aa7f/pytest-9.1.1-py3-none-any.whl", hash = "sha256:37a86b45efb9a47a61a36449063e8e18d0cab3161329fc099eb21783169c4f0c", size = 386536, upload-time = "2026-06-19T10:58:31.347Z" },
]

[[package]]
name = "rich"
version = "15.0.0"
source = { registry = "https://pypi.org/simple" }
dependencies = [
    { name = "markdown-it-py" },
    { name = "pygments" },
]
sdist = { url = "https://files.pythonhosted.org/packages/c0/8f/0722ca900cc807c13a6a0c696dacf35430f72e0ec571c4275d2371fca3e9/rich-15.0.0.tar.gz", hash = "sha256:edd07a4824c6b40189fb7ac9bc4c52536e9780fbbfbddf6f1e2502c31b068c36", size = 230680, upload-time = "2026-04-12T08:24:00.75Z" }
wheels = [
    { url = "https://files.pythonhosted.org/packages/82/3b/64d4899d73f91ba49a8c18a8ff3f0ea8f1c1d75481760df8c68ef5235bf5/rich-15.0.0-py3-none-any.whl", hash = "sha256:33bd4ef74232fb73fe9279a257718407f169c09b78a87ad3d296f548e27de0bb", size = 310654, upload-time = "2026-04-12T08:24:02.83Z" },
]

[[package]]
name = "rich-rst"
version = "2.2.0"
source = { registry = "https://pypi.org/simple" }
dependencies = [
    { name = "pygments" },
    { name = "rich" },
]
sdist = { url = "https://files.pythonhosted.org/packages/cf/0e/faf7c7e36630561e3e9611730c47510cd972dd5fde8f95941ff78f76accd/rich_rst-2.2.0.tar.gz", hash = "sha256:b1e6a67f8f694a6f36035624bf73e2b1a0a4be13edaf3ba5e654d9758b61073a", size = 326270, upload-time = "2026-09-27T19:12:42.163Z" }
wheels = [
    { url = "https://files.pythonhosted.org/packages/d1/4e/716b42bf066e180c1235783b46f095a5d871d05dca7006d2295aac29c491/rich_rst-2.2.0-py3-none-any.whl", hash = "sha256:1ea1c43813dc4a8d86475fce27ffb74e0ada3d4656c9f8130ba2a59868055fe9", size = 279274, upload-time = "2026-09-27T19:12:40.548Z" },
]

[[package]]
name = "typing-extensions"
version = "4.16.0"
source = { registry = "https://pypi.org/simple" }
sdist = { url = "https://files.pythonhosted.org/packages/f6/cc/6253133b5bb138fc3306cebfbda2c520f545d36b5be2c7255cc528bb45d6/typing_extensions-4.16.0.tar.gz", hash = "sha256:dc983d19a509c94dba722ee6abd33940f7c05a89e243c47e907eb4db6f1a43e5", size = 113555, upload-time = "2026-07-02T08:40:05.92Z" }
wheels = [
    { url = "https://files.pythonhosted.org/packages/49/d3/b8441a820a491ddfc024b0b0cf0393375b75ea13866d9c66727e54c2fc80/typing_extensions-4.16.0-py3-none-any.whl", hash = "sha256:481caa481374e813c1b176ada14e97f1f67a4539ce9cfeb3f350d78d6370c2e8", size = 45571, upload-time = "2026-07-02T08:40:04.659Z" },
]
