GEM
  remote: https://rubygems.org/
  specs:
    base64 (0.3.0)
    connection_pool (3.0.2)
    diff-lcs (1.6.2)
    kiba (4.0.0)
    redis (5.4.1)
      redis-client (>= 0.22.0)
    redis-client (0.26.4)
      connection_pool
    rspec (3.13.2)
      rspec-core (~> 3.13.0)
      rspec-expectations (~> 3.13.0)
      rspec-mocks (~> 3.13.0)
    rspec-core (3.13.6)
      rspec-support (~> 3.13.0)
    rspec-expectations (3.13.5)
      diff-lcs (>= 1.2.0, < 2.0)
      rspec-support (~> 3.13.0)
    rspec-mocks (3.13.7)
      diff-lcs (>= 1.2.0, < 2.0)
      rspec-support (~> 3.13.0)
    rspec-support (3.13.6)

PLATFORMS
  arm64-darwin-25
  ruby

DEPENDENCIES
  base64
  kiba (~> 4.0)
  redis (~> 5.0)
  rspec (~> 3.12)

BUNDLED WITH
   2.7.2
